
Microsoft Visual Studio Solution File, Format Version 12.00
# Visual Studio Version 17
VisualStudioVersion = 17.7.34031.279
MinimumVisualStudioVersion = 10.0.40219.1
Project("{9A19103F-16F7-4668-BE54-9A1E7A4F7556}") = "ApiCatalago", "ApiCatalago\ApiCatalago.csproj", "{13437B43-5A81-46C8-B175-CF42831B5C1B}"
EndProject
Global
	GlobalSection(SolutionConfigurationPlatforms) = preSolution
		Debug|Any CPU = Debug|Any CPU
		Release|Any CPU = Release|Any CPU
	EndGlobalSection
	GlobalSection(ProjectConfigurationPlatforms) = postSolution
		{13437B43-5A81-46C8-B175-CF42831B5C1B}.Debug|Any CPU.ActiveCfg = Debug|Any CPU
		{13437B43-5A81-46C8-B175-CF42831B5C1B}.Debug|Any CPU.Build.0 = Debug|Any CPU
		{13437B43-5A81-46C8-B175-CF42831B5C1B}.Release|Any CPU.ActiveCfg = Release|Any CPU
		{13437B43-5A81-46C8-B175-CF42831B5C1B}.Release|Any CPU.Build.0 = Release|Any CPU
	EndGlobalSection
	GlobalSection(SolutionProperties) = preSolution
		HideSolutionNode = FALSE
	EndGlobalSection
	GlobalSection(ExtensibilityGlobals) = postSolution
		SolutionGuid = {7498E949-AB2A-423E-B560-CA810307162F}
	EndGlobalSection
EndGlobal
